
Microsoft Visual Studio Solution File, Format Version 12.00
# Visual Studio Version 17
VisualStudioVersion = 17.13.35825.156 d17.13
MinimumVisualStudioVersion = 10.0.40219.1
Project("{FAE04EC0-301F-11D3-BF4B-00C04F79EFBC}") = "SondorApp", "SondorApp.csproj", "{022824CF-BA0A-4C9D-B042-3452CECB40DA}"
EndProject
Global
	GlobalSection(SolutionConfigurationPlatforms) = preSolution
		Debug|Any CPU = Debug|Any CPU
		Release|Any CPU = Release|Any CPU
	EndGlobalSection
	GlobalSection(ProjectConfigurationPlatforms) = postSolution
		{022824CF-BA0A-4C9D-B042-3452CECB40DA}.Debug|Any CPU.ActiveCfg = Debug|Any CPU
		{022824CF-BA0A-4C9D-B042-3452CECB40DA}.Debug|Any CPU.Build.0 = Debug|Any CPU
		{022824CF-BA0A-4C9D-B042-3452CECB40DA}.Release|Any CPU.ActiveCfg = Release|Any CPU
		{022824CF-BA0A-4C9D-B042-3452CECB40DA}.Release|Any CPU.Build.0 = Release|Any CPU
	EndGlobalSection
	GlobalSection(SolutionProperties) = preSolution
		HideSolutionNode = FALSE
	EndGlobalSection
	GlobalSection(ExtensibilityGlobals) = postSolution
		SolutionGuid = {336AFEBF-3EE1-4112-A0B2-CFE549ED47F3}
	EndGlobalSection
EndGlobal
